// !$*UTF8*$!
{
	archiveVersion = 1;
	classes = {
	};
	objectVersion = 46;
	objects = {

/* Begin PBXBuildFile section */
		14204A1320F8CE3200ACA6E2 /* main.cpp in Sources */ = {isa = PBXBuildFile; fileRef = 14204A1220F8CE3200ACA6E2 /* main.cpp */; };
		14204A1B20F8DA4200ACA6E2 /* Read_Filtration.cpp in Sources */ = {isa = PBXBuildFile; fileRef = 14204A1920F8DA4200ACA6E2 /* Read_Filtration.cpp */; };
		14204A1D20F9167C00ACA6E2 /* Persistence.cpp in Sources */ = {isa = PBXBuildFile; fileRef = 14204A1C20F9167C00ACA6E2 /* Persistence.cpp */; };
		14204A1F20F9212100ACA6E2 /* barcode2vector.cpp in Sources */ = {isa = PBXBuildFile; fileRef = 14204A1E20F9212100ACA6E2 /* barcode2vector.cpp */; };
/* End PBXBuildFile section */

/* Begin PBXCopyFilesBuildPhase section */
		14204A0D20F8CE3100ACA6E2 /* CopyFiles */ = {
			isa = PBXCopyFilesBuildPhase;
			buildActionMask = 2147483647;
			dstPath = /usr/share/man/man1/;
			dstSubfolderSpec = 0;
			files = (
			);
			runOnlyForDeploymentPostprocessing = 1;
		};
/* End PBXCopyFilesBuildPhase section */

/* Begin PBXFileReference section */
		14204A0F20F8CE3200ACA6E2 /* INF556_C++ */ = {isa = PBXFileReference; explicitFileType = "compiled.mach-o.executable"; includeInIndex = 0; path = "INF556_C++"; sourceTree = BUILT_PRODUCTS_DIR; };
		14204A1220F8CE3200ACA6E2 /* main.cpp */ = {isa = PBXFileReference; lastKnownFileType = sourcecode.cpp.cpp; path = main.cpp; sourceTree = "<group>"; };
		14204A1920F8DA4200ACA6E2 /* Read_Filtration.cpp */ = {isa = PBXFileReference; fileEncoding = 4; lastKnownFileType = sourcecode.cpp.cpp; path = Read_Filtration.cpp; sourceTree = "<group>"; };
		14204A1A20F8DA4200ACA6E2 /* Read_Filtration.hpp */ = {isa = PBXFileReference; fileEncoding = 4; lastKnownFileType = sourcecode.cpp.h; path = Read_Filtration.hpp; sourceTree = "<group>"; };
		14204A1C20F9167C00ACA6E2 /* Persistence.cpp */ = {isa = PBXFileReference; fileEncoding = 4; lastKnownFileType = sourcecode.cpp.cpp; path = Persistence.cpp; sourceTree = "<group>"; };
		14204A1E20F9212100ACA6E2 /* barcode2vector.cpp */ = {isa = PBXFileReference; fileEncoding = 4; lastKnownFileType = sourcecode.cpp.cpp; path = barcode2vector.cpp; sourceTree = "<group>"; };
/* End PBXFileReference section */

/* Begin PBXFrameworksBuildPhase section */
		14204A0C20F8CE3100ACA6E2 /* Frameworks */ = {
			isa = PBXFrameworksBuildPhase;
			buildActionMask = 2147483647;
			files = (
			);
			runOnlyForDeploymentPostprocessing = 0;
		};
/* End PBXFrameworksBuildPhase section */

/* Begin PBXGroup section */
		14204A0620F8CE3100ACA6E2 = {
			isa = PBXGroup;
			children = (
				14204A1120F8CE3200ACA6E2 /* INF556_C++ */,
				14204A1020F8CE3200ACA6E2 /* Products */,
			);
			sourceTree = "<group>";
		};
		14204A1020F8CE3200ACA6E2 /* Products */ = {
			isa = PBXGroup;
			children = (
				14204A0F20F8CE3200ACA6E2 /* INF556_C++ */,
			);
			name = Products;
			sourceTree = "<group>";
		};
		14204A1120F8CE3200ACA6E2 /* INF556_C++ */ = {
			isa = PBXGroup;
			children = (
				14204A1220F8CE3200ACA6E2 /* main.cpp */,
				14204A1920F8DA4200ACA6E2 /* Read_Filtration.cpp */,
				14204A1A20F8DA4200ACA6E2 /* Read_Filtration.hpp */,
				14204A1C20F9167C00ACA6E2 /* Persistence.cpp */,
				14204A1E20F9212100ACA6E2 /* barcode2vector.cpp */,
			);
			path = "INF556_C++";
			sourceTree = "<group>";
		};
/* End PBXGroup section */

/* Begin PBXNativeTarget section */
		14204A0E20F8CE3100ACA6E2 /* INF556_C++ */ = {
			isa = PBXNativeTarget;
			buildConfigurationList = 14204A1620F8CE3200ACA6E2 /* Build configuration list for PBXNativeTarget "INF556_C++" */;
			buildPhases = (
				14204A0B20F8CE3100ACA6E2 /* Sources */,
				14204A0C20F8CE3100ACA6E2 /* Frameworks */,
				14204A0D20F8CE3100ACA6E2 /* CopyFiles */,
			);
			buildRules = (
			);
			dependencies = (
			);
			name = "INF556_C++";
			productName = "INF556_C++";
			productReference = 14204A0F20F8CE3200ACA6E2 /* INF556_C++ */;
			productType = "com.apple.product-type.tool";
		};
/* End PBXNativeTarget section */

/* Begin PBXProject section */
		14204A0720F8CE3100ACA6E2 /* Project object */ = {
			isa = PBXProject;
			attributes = {
				LastUpgradeCheck = 0730;
				ORGANIZATIONNAME = UNC;
				TargetAttributes = {
					14204A0E20F8CE3100ACA6E2 = {
						CreatedOnToolsVersion = 7.3.1;
					};
				};
			};
			buildConfigurationList = 14204A0A20F8CE3100ACA6E2 /* Build configuration list for PBXProject "INF556_C++" */;
			compatibilityVersion = "Xcode 3.2";
			developmentRegion = English;
			hasScannedForEncodings = 0;
			knownRegions = (
				en,
			);
			mainGroup = 14204A0620F8CE3100ACA6E2;
			productRefGroup = 14204A1020F8CE3200ACA6E2 /* Products */;
			projectDirPath = "";
			projectRoot = "";
			targets = (
				14204A0E20F8CE3100ACA6E2 /* INF556_C++ */,
			);
		};
/* End PBXProject section */

/* Begin PBXSourcesBuildPhase section */
		14204A0B20F8CE3100ACA6E2 /* Sources */ = {
			isa = PBXSourcesBuildPhase;
			buildActionMask = 2147483647;
			files = (
				14204A1F20F9212100ACA6E2 /* barcode2vector.cpp in Sources */,
				14204A1320F8CE3200ACA6E2 /* main.cpp in Sources */,
				14204A1B20F8DA4200ACA6E2 /* Read_Filtration.cpp in Sources */,
				14204A1D20F9167C00ACA6E2 /* Persistence.cpp in Sources */,
			);
			runOnlyForDeploymentPostprocessing = 0;
		};
/* End PBXSourcesBuildPhase section */

/* Begin XCBuildConfiguration section */
		14204A1420F8CE3200ACA6E2 /* Debug */ = {
			isa = XCBuildConfiguration;
			buildSettings = {
				ALWAYS_SEARCH_USER_PATHS = NO;
				CLANG_ANALYZER_NONNULL = YES;
				CLANG_CXX_LANGUAGE_STANDARD = "gnu++0x";
				CLANG_CXX_LIBRARY = "libc++";
				CLANG_ENABLE_MODULES = YES;
				CLANG_ENABLE_OBJC_ARC = YES;
				CLANG_WARN_BOOL_CONVERSION = YES;
				CLANG_WARN_CONSTANT_CONVERSION = YES;
				CLANG_WARN_DIRECT_OBJC_ISA_USAGE = YES_ERROR;
				CLANG_WARN_EMPTY_BODY = YES;
				CLANG_WARN_ENUM_CONVERSION = YES;
				CLANG_WARN_INT_CONVERSION = YES;
				CLANG_WARN_OBJC_ROOT_CLASS = YES_ERROR;
				CLANG_WARN_UNREACHABLE_CODE = YES;
				CLANG_WARN__DUPLICATE_METHOD_MATCH = YES;
				CODE_SIGN_IDENTITY = "-";
				COPY_PHASE_STRIP = NO;
				DEBUG_INFORMATION_FORMAT = dwarf;
				ENABLE_STRICT_OBJC_MSGSEND = YES;
				ENABLE_TESTABILITY = YES;
				GCC_C_LANGUAGE_STANDARD = gnu99;
				GCC_DYNAMIC_NO_PIC = NO;
				GCC_NO_COMMON_BLOCKS = YES;
				GCC_OPTIMIZATION_LEVEL = 0;
				GCC_PREPROCESSOR_DEFINITIONS = (
					"DEBUG=1",
					"$(inherited)",
				);
				GCC_WARN_64_TO_32_BIT_CONVERSION = YES;
				GCC_WARN_ABOUT_RETURN_TYPE = YES_ERROR;
				GCC_WARN_UNDECLARED_SELECTOR = YES;
				GCC_WARN_UNINITIALIZED_AUTOS = YES_AGGRESSIVE;
				GCC_WARN_UNUSED_FUNCTION = YES;
				GCC_WARN_UNUSED_VARIABLE = YES;
				MACOSX_DEPLOYMENT_TARGET = 10.13;
				MTL_ENABLE_DEBUG_INFO = YES;
				ONLY_ACTIVE_ARCH = YES;
				SDKROOT = macosx;
			};
			name = Debug;
		};
		14204A1520F8CE3200ACA6E2 /* Release */ = {
			isa = XCBuildConfiguration;
			buildSettings = {
				ALWAYS_SEARCH_USER_PATHS = NO;
				CLANG_ANALYZER_NONNULL = YES;
				CLANG_CXX_LANGUAGE_STANDARD = "gnu++0x";
				CLANG_CXX_LIBRARY = "libc++";
				CLANG_ENABLE_MODULES = YES;
				CLANG_ENABLE_OBJC_ARC = YES;
				CLANG_WARN_BOOL_CONVERSION = YES;
				CLANG_WARN_CONSTANT_CONVERSION = YES;
				CLANG_WARN_DIRECT_OBJC_ISA_USAGE = YES_ERROR;
				CLANG_WARN_EMPTY_BODY = YES;
				CLANG_WARN_ENUM_CONVERSION = YES;
				CLANG_WARN_INT_CONVERSION = YES;
				CLANG_WARN_OBJC_ROOT_CLASS = YES_ERROR;
				CLANG_WARN_UNREACHABLE_CODE = YES;
				CLANG_WARN__DUPLICATE_METHOD_MATCH = YES;
				CODE_SIGN_IDENTITY = "-";
				COPY_PHASE_STRIP = NO;
				DEBUG_INFORMATION_FORMAT = "dwarf-with-dsym";
				ENABLE_NS_ASSERTIONS = NO;
				ENABLE_STRICT_OBJC_MSGSEND = YES;
				GCC_C_LANGUAGE_STANDARD = gnu99;
				GCC_NO_COMMON_BLOCKS = YES;
				GCC_WARN_64_TO_32_BIT_CONVERSION = YES;
				GCC_WARN_ABOUT_RETURN_TYPE = YES_ERROR;
				GCC_WARN_UNDECLARED_SELECTOR = YES;
				GCC_WARN_UNINITIALIZED_AUTOS = YES_AGGRESSIVE;
				GCC_WARN_UNUSED_FUNCTION = YES;
				GCC_WARN_UNUSED_VARIABLE = YES;
				MACOSX_DEPLOYMENT_TARGET = 10.13;
				MTL_ENABLE_DEBUG_INFO = NO;
				SDKROOT = macosx;
			};
			name = Release;
		};
		14204A1720F8CE3200ACA6E2 /* Debug */ = {
			isa = XCBuildConfiguration;
			buildSettings = {
				PRODUCT_NAME = "$(TARGET_NAME)";
			};
			name = Debug;
		};
		14204A1820F8CE3200ACA6E2 /* Release */ = {
			isa = XCBuildConfiguration;
			buildSettings = {
				PRODUCT_NAME = "$(TARGET_NAME)";
			};
			name = Release;
		};
/* End XCBuildConfiguration section */

/* Begin XCConfigurationList section */
		14204A0A20F8CE3100ACA6E2 /* Build configuration list for PBXProject "INF556_C++" */ = {
			isa = XCConfigurationList;
			buildConfigurations = (
				14204A1420F8CE3200ACA6E2 /* Debug */,
				14204A1520F8CE3200ACA6E2 /* Release */,
			);
			defaultConfigurationIsVisible = 0;
			defaultConfigurationName = Release;
		};
		14204A1620F8CE3200ACA6E2 /* Build configuration list for PBXNativeTarget "INF556_C++" */ = {
			isa = XCConfigurationList;
			buildConfigurations = (
				14204A1720F8CE3200ACA6E2 /* Debug */,
				14204A1820F8CE3200ACA6E2 /* Release */,
			);
			defaultConfigurationIsVisible = 0;
		};
/* End XCConfigurationList section */
	};
	rootObject = 14204A0720F8CE3100ACA6E2 /* Project object */;
}
